{
	"name": "importer",
	"lockfileVersion": 2,
	"requires": true,
	"packages": {
		"": {
			"dependencies": {
				"@types/node": "^18.16.3",
				"@types/pako": "^2.0.0",
				"pako": "^2.1.0"
			}
		},
		"node_modules/@types/node": {
			"version": "18.16.3",
			"resolved": "https://registry.npmjs.org/@types/node/-/node-18.16.3.tgz",
			"integrity": "sha512-OPs5WnnT1xkCBiuQrZA4+YAV4HEJejmHneyraIaxsbev5yCEr6KMwINNFP9wQeFIw8FWcoTqF3vQsa5CDaI+8Q=="
		},
		"node_modules/@types/pako": {
			"version": "2.0.0",
			"resolved": "https://registry.npmjs.org/@types/pako/-/pako-2.0.0.tgz",
			"integrity": "sha512-10+iaz93qR5WYxTo+PMifD5TSxiOtdRaxBf7INGGXMQgTCu8Z/7GYWYFUOS3q/G0nE5boj1r4FEB+WSy7s5gbA=="
		},
		"node_modules/pako": {
			"version": "2.1.0",
			"resolved": "https://registry.npmjs.org/pako/-/pako-2.1.0.tgz",
			"integrity": "sha512-w+eufiZ1WuJYgPXbV/PO3NCMEc3xqylkKHzp8bxp1uW4qaSNQUkwmLLEc3kKsfz8lpV1F8Ht3U1Cm+9Srog2ug=="
		}
	},
	"dependencies": {
		"@types/node": {
			"version": "18.16.3",
			"resolved": "https://registry.npmjs.org/@types/node/-/node-18.16.3.tgz",
			"integrity": "sha512-OPs5WnnT1xkCBiuQrZA4+YAV4HEJejmHneyraIaxsbev5yCEr6KMwINNFP9wQeFIw8FWcoTqF3vQsa5CDaI+8Q=="
		},
		"@types/pako": {
			"version": "2.0.0",
			"resolved": "https://registry.npmjs.org/@types/pako/-/pako-2.0.0.tgz",
			"integrity": "sha512-10+iaz93qR5WYxTo+PMifD5TSxiOtdRaxBf7INGGXMQgTCu8Z/7GYWYFUOS3q/G0nE5boj1r4FEB+WSy7s5gbA=="
		},
		"pako": {
			"version": "2.1.0",
			"resolved": "https://registry.npmjs.org/pako/-/pako-2.1.0.tgz",
			"integrity": "sha512-w+eufiZ1WuJYgPXbV/PO3NCMEc3xqylkKHzp8bxp1uW4qaSNQUkwmLLEc3kKsfz8lpV1F8Ht3U1Cm+9Srog2ug=="
		}
	}
}
